// !$*UTF8*$!
{
	archiveVersion = 1;
	classes = {
	};
	objectVersion = 50;
	objects = {

/* Begin PBXBuildFile section */
		131629F12389D9F60069D970 /* AppDelegate.swift in Sources */ = {isa = PBXBuildFile; fileRef = 131629F02389D9F60069D970 /* AppDelegate.swift */; };
		131629F32389D9F60069D970 /* SceneDelegate.swift in Sources */ = {isa = PBXBuildFile; fileRef = 131629F22389D9F60069D970 /* SceneDelegate.swift */; };
		131629F52389D9F60069D970 /* ViewController.swift in Sources */ = {isa = PBXBuildFile; fileRef = 131629F42389D9F60069D970 /* ViewController.swift */; };
		131629FD2389D9F60069D970 /* LaunchScreen.storyboard in Resources */ = {isa = PBXBuildFile; fileRef = 131629FB2389D9F60069D970 /* LaunchScreen.storyboard */; };
		13162A092389E8F10069D970 /* Assets.xcassets in Resources */ = {isa = PBXBuildFile; fileRef = 13162A082389E8F10069D970 /* Assets.xcassets */; };
		13C1C279239C8F7700A8ACB3 /* VideosCollectionView.swift in Sources */ = {isa = PBXBuildFile; fileRef = 13C1C278239C8F7700A8ACB3 /* VideosCollectionView.swift */; };
		13C1C27B239CB2EA00A8ACB3 /* VideoCell.swift in Sources */ = {isa = PBXBuildFile; fileRef = 13C1C27A239CB2EA00A8ACB3 /* VideoCell.swift */; };
		13C1C27D239DF22000A8ACB3 /* TitleCell.swift in Sources */ = {isa = PBXBuildFile; fileRef = 13C1C27C239DF22000A8ACB3 /* TitleCell.swift */; };
		13E0373D239C44DF0083C6C0 /* PageCell.swift in Sources */ = {isa = PBXBuildFile; fileRef = 13E0373C239C44DF0083C6C0 /* PageCell.swift */; };
/* End PBXBuildFile section */

/* Begin PBXFileReference section */
		131629ED2389D9F60069D970 /* UIScrollViewWithUIPageControl.app */ = {isa = PBXFileReference; explicitFileType = wrapper.application; includeInIndex = 0; path = UIScrollViewWithUIPageControl.app; sourceTree = BUILT_PRODUCTS_DIR; };
		131629F02389D9F60069D970 /* AppDelegate.swift */ = {isa = PBXFileReference; lastKnownFileType = sourcecode.swift; path = AppDelegate.swift; sourceTree = "<group>"; };
		131629F22389D9F60069D970 /* SceneDelegate.swift */ = {isa = PBXFileReference; lastKnownFileType = sourcecode.swift; path = SceneDelegate.swift; sourceTree = "<group>"; };
		131629F42389D9F60069D970 /* ViewController.swift */ = {isa = PBXFileReference; lastKnownFileType = sourcecode.swift; path = ViewController.swift; sourceTree = "<group>"; };
		131629FC2389D9F60069D970 /* Base */ = {isa = PBXFileReference; lastKnownFileType = file.storyboard; name = Base; path = Base.lproj/LaunchScreen.storyboard; sourceTree = "<group>"; };
		131629FE2389D9F60069D970 /* Info.plist */ = {isa = PBXFileReference; lastKnownFileType = text.plist.xml; path = Info.plist; sourceTree = "<group>"; };
		13162A082389E8F10069D970 /* Assets.xcassets */ = {isa = PBXFileReference; lastKnownFileType = folder.assetcatalog; path = Assets.xcassets; sourceTree = "<group>"; };
		13C1C278239C8F7700A8ACB3 /* VideosCollectionView.swift */ = {isa = PBXFileReference; lastKnownFileType = sourcecode.swift; path = VideosCollectionView.swift; sourceTree = "<group>"; };
		13C1C27A239CB2EA00A8ACB3 /* VideoCell.swift */ = {isa = PBXFileReference; lastKnownFileType = sourcecode.swift; path = VideoCell.swift; sourceTree = "<group>"; };
		13C1C27C239DF22000A8ACB3 /* TitleCell.swift */ = {isa = PBXFileReference; lastKnownFileType = sourcecode.swift; path = TitleCell.swift; sourceTree = "<group>"; };
		13E0373C239C44DF0083C6C0 /* PageCell.swift */ = {isa = PBXFileReference; lastKnownFileType = sourcecode.swift; path = PageCell.swift; sourceTree = "<group>"; };
/* End PBXFileReference section */

/* Begin PBXFrameworksBuildPhase section */
		131629EA2389D9F60069D970 /* Frameworks */ = {
			isa = PBXFrameworksBuildPhase;
			buildActionMask = 2147483647;
			files = (
			);
			runOnlyForDeploymentPostprocessing = 0;
		};
/* End PBXFrameworksBuildPhase section */

/* Begin PBXGroup section */
		131629E42389D9F60069D970 = {
			isa = PBXGroup;
			children = (
				131629EF2389D9F60069D970 /* UIScrollViewWithUIPageControl */,
				131629EE2389D9F60069D970 /* Products */,
			);
			sourceTree = "<group>";
		};
		131629EE2389D9F60069D970 /* Products */ = {
			isa = PBXGroup;
			children = (
				131629ED2389D9F60069D970 /* UIScrollViewWithUIPageControl.app */,
			);
			name = Products;
			sourceTree = "<group>";
		};
		131629EF2389D9F60069D970 /* UIScrollViewWithUIPageControl */ = {
			isa = PBXGroup;
			children = (
				13162A082389E8F10069D970 /* Assets.xcassets */,
				131629F02389D9F60069D970 /* AppDelegate.swift */,
				131629F22389D9F60069D970 /* SceneDelegate.swift */,
				131629F42389D9F60069D970 /* ViewController.swift */,
				13C1C278239C8F7700A8ACB3 /* VideosCollectionView.swift */,
				13E0373C239C44DF0083C6C0 /* PageCell.swift */,
				13C1C27C239DF22000A8ACB3 /* TitleCell.swift */,
				13C1C27A239CB2EA00A8ACB3 /* VideoCell.swift */,
				131629FB2389D9F60069D970 /* LaunchScreen.storyboard */,
				131629FE2389D9F60069D970 /* Info.plist */,
			);
			path = UIScrollViewWithUIPageControl;
			sourceTree = "<group>";
		};
/* End PBXGroup section */

/* Begin PBXNativeTarget section */
		131629EC2389D9F60069D970 /* UIScrollViewWithUIPageControl */ = {
			isa = PBXNativeTarget;
			buildConfigurationList = 13162A012389D9F60069D970 /* Build configuration list for PBXNativeTarget "UIScrollViewWithUIPageControl" */;
			buildPhases = (
				131629E92389D9F60069D970 /* Sources */,
				131629EA2389D9F60069D970 /* Frameworks */,
				131629EB2389D9F60069D970 /* Resources */,
			);
			buildRules = (
			);
			dependencies = (
			);
			name = UIScrollViewWithUIPageControl;
			productName = UIScrollViewWithUIPageControl;
			productReference = 131629ED2389D9F60069D970 /* UIScrollViewWithUIPageControl.app */;
			productType = "com.apple.product-type.application";
		};
/* End PBXNativeTarget section */

/* Begin PBXProject section */
		131629E52389D9F60069D970 /* Project object */ = {
			isa = PBXProject;
			attributes = {
				LastSwiftUpdateCheck = 1120;
				LastUpgradeCheck = 1120;
				ORGANIZATIONNAME = Snaap;
				TargetAttributes = {
					131629EC2389D9F60069D970 = {
						CreatedOnToolsVersion = 11.2.1;
					};
				};
			};
			buildConfigurationList = 131629E82389D9F60069D970 /* Build configuration list for PBXProject "UIScrollViewWithUIPageControl" */;
			compatibilityVersion = "Xcode 9.3";
			developmentRegion = en;
			hasScannedForEncodings = 0;
			knownRegions = (
				en,
				Base,
			);
			mainGroup = 131629E42389D9F60069D970;
			productRefGroup = 131629EE2389D9F60069D970 /* Products */;
			projectDirPath = "";
			projectRoot = "";
			targets = (
				131629EC2389D9F60069D970 /* UIScrollViewWithUIPageControl */,
			);
		};
/* End PBXProject section */

/* Begin PBXResourcesBuildPhase section */
		131629EB2389D9F60069D970 /* Resources */ = {
			isa = PBXResourcesBuildPhase;
			buildActionMask = 2147483647;
			files = (
				131629FD2389D9F60069D970 /* LaunchScreen.storyboard in Resources */,
				13162A092389E8F10069D970 /* Assets.xcassets in Resources */,
			);
			runOnlyForDeploymentPostprocessing = 0;
		};
/* End PBXResourcesBuildPhase section */

/* Begin PBXSourcesBuildPhase section */
		131629E92389D9F60069D970 /* Sources */ = {
			isa = PBXSourcesBuildPhase;
			buildActionMask = 2147483647;
			files = (
				13C1C279239C8F7700A8ACB3 /* VideosCollectionView.swift in Sources */,
				131629F52389D9F60069D970 /* ViewController.swift in Sources */,
				13C1C27D239DF22000A8ACB3 /* TitleCell.swift in Sources */,
				131629F12389D9F60069D970 /* AppDelegate.swift in Sources */,
				13E0373D239C44DF0083C6C0 /* PageCell.swift in Sources */,
				131629F32389D9F60069D970 /* SceneDelegate.swift in Sources */,
				13C1C27B239CB2EA00A8ACB3 /* VideoCell.swift in Sources */,
			);
			runOnlyForDeploymentPostprocessing = 0;
		};
/* End PBXSourcesBuildPhase section */

/* Begin PBXVariantGroup section */
		131629FB2389D9F60069D970 /* LaunchScreen.storyboard */ = {
			isa = PBXVariantGroup;
			children = (
				131629FC2389D9F60069D970 /* Base */,
			);
			name = LaunchScreen.storyboard;
			sourceTree = "<group>";
		};
/* End PBXVariantGroup section */

/* Begin XCBuildConfiguration section */
		131629FF2389D9F60069D970 /* Debug */ = {
			isa = XCBuildConfiguration;
			buildSettings = {
				ALWAYS_SEARCH_USER_PATHS = NO;
				CLANG_ANALYZER_NONNULL = YES;
				CLANG_ANALYZER_NUMBER_OBJECT_CONVERSION = YES_AGGRESSIVE;
				CLANG_CXX_LANGUAGE_STANDARD = "gnu++14";
				CLANG_CXX_LIBRARY = "libc++";
				CLANG_ENABLE_MODULES = YES;
				CLANG_ENABLE_OBJC_ARC = YES;
				CLANG_ENABLE_OBJC_WEAK = YES;
				CLANG_WARN_BLOCK_CAPTURE_AUTORELEASING = YES;
				CLANG_WARN_BOOL_CONVERSION = YES;
				CLANG_WARN_COMMA = YES;
				CLANG_WARN_CONSTANT_CONVERSION = YES;
				CLANG_WARN_DEPRECATED_OBJC_IMPLEMENTATIONS = YES;
				CLANG_WARN_DIRECT_OBJC_ISA_USAGE = YES_ERROR;
				CLANG_WARN_DOCUMENTATION_COMMENTS = YES;
				CLANG_WARN_EMPTY_BODY = YES;
				CLANG_WARN_ENUM_CONVERSION = YES;
				CLANG_WARN_INFINITE_RECURSION = YES;
				CLANG_WARN_INT_CONVERSION = YES;
				CLANG_WARN_NON_LITERAL_NULL_CONVERSION = YES;
				CLANG_WARN_OBJC_IMPLICIT_RETAIN_SELF = YES;
				CLANG_WARN_OBJC_LITERAL_CONVERSION = YES;
				CLANG_WARN_OBJC_ROOT_CLASS = YES_ERROR;
				CLANG_WARN_RANGE_LOOP_ANALYSIS = YES;
				CLANG_WARN_STRICT_PROTOTYPES = YES;
				CLANG_WARN_SUSPICIOUS_MOVE = YES;
				CLANG_WARN_UNGUARDED_AVAILABILITY = YES_AGGRESSIVE;
				CLANG_WARN_UNREACHABLE_CODE = YES;
				CLANG_WARN__DUPLICATE_METHOD_MATCH = YES;
				COPY_PHASE_STRIP = NO;
				DEBUG_INFORMATION_FORMAT = dwarf;
				ENABLE_STRICT_OBJC_MSGSEND = YES;
				ENABLE_TESTABILITY = YES;
				GCC_C_LANGUAGE_STANDARD = gnu11;
				GCC_DYNAMIC_NO_PIC = NO;
				GCC_NO_COMMON_BLOCKS = YES;
				GCC_OPTIMIZATION_LEVEL = 0;
				GCC_PREPROCESSOR_DEFINITIONS = (
					"DEBUG=1",
					"$(inherited)",
				);
				GCC_WARN_64_TO_32_BIT_CONVERSION = YES;
				GCC_WARN_ABOUT_RETURN_TYPE = YES_ERROR;
				GCC_WARN_UNDECLARED_SELECTOR = YES;
				GCC_WARN_UNINITIALIZED_AUTOS = YES_AGGRESSIVE;
				GCC_WARN_UNUSED_FUNCTION = YES;
				GCC_WARN_UNUSED_VARIABLE = YES;
				IPHONEOS_DEPLOYMENT_TARGET = 13.2;
				MTL_ENABLE_DEBUG_INFO = INCLUDE_SOURCE;
				MTL_FAST_MATH = YES;
				ONLY_ACTIVE_ARCH = YES;
				SDKROOT = iphoneos;
				SWIFT_ACTIVE_COMPILATION_CONDITIONS = DEBUG;
				SWIFT_OPTIMIZATION_LEVEL = "-Onone";
			};
			name = Debug;
		};
		13162A002389D9F60069D970 /* Release */ = {
			isa = XCBuildConfiguration;
			buildSettings = {
				ALWAYS_SEARCH_USER_PATHS = NO;
				CLANG_ANALYZER_NONNULL = YES;
				CLANG_ANALYZER_NUMBER_OBJECT_CONVERSION = YES_AGGRESSIVE;
				CLANG_CXX_LANGUAGE_STANDARD = "gnu++14";
				CLANG_CXX_LIBRARY = "libc++";
				CLANG_ENABLE_MODULES = YES;
				CLANG_ENABLE_OBJC_ARC = YES;
				CLANG_ENABLE_OBJC_WEAK = YES;
				CLANG_WARN_BLOCK_CAPTURE_AUTORELEASING = YES;
				CLANG_WARN_BOOL_CONVERSION = YES;
				CLANG_WARN_COMMA = YES;
				CLANG_WARN_CONSTANT_CONVERSION = YES;
				CLANG_WARN_DEPRECATED_OBJC_IMPLEMENTATIONS = YES;
				CLANG_WARN_DIRECT_OBJC_ISA_USAGE = YES_ERROR;
				CLANG_WARN_DOCUMENTATION_COMMENTS = YES;
				CLANG_WARN_EMPTY_BODY = YES;
				CLANG_WARN_ENUM_CONVERSION = YES;
				CLANG_WARN_INFINITE_RECURSION = YES;
				CLANG_WARN_INT_CONVERSION = YES;
				CLANG_WARN_NON_LITERAL_NULL_CONVERSION = YES;
				CLANG_WARN_OBJC_IMPLICIT_RETAIN_SELF = YES;
				CLANG_WARN_OBJC_LITERAL_CONVERSION = YES;
				CLANG_WARN_OBJC_ROOT_CLASS = YES_ERROR;
				CLANG_WARN_RANGE_LOOP_ANALYSIS = YES;
				CLANG_WARN_STRICT_PROTOTYPES = YES;
				CLANG_WARN_SUSPICIOUS_MOVE = YES;
				CLANG_WARN_UNGUARDED_AVAILABILITY = YES_AGGRESSIVE;
				CLANG_WARN_UNREACHABLE_CODE = YES;
				CLANG_WARN__DUPLICATE_METHOD_MATCH = YES;
				COPY_PHASE_STRIP = NO;
				DEBUG_INFORMATION_FORMAT = "dwarf-with-dsym";
				ENABLE_NS_ASSERTIONS = NO;
				ENABLE_STRICT_OBJC_MSGSEND = YES;
				GCC_C_LANGUAGE_STANDARD = gnu11;
				GCC_NO_COMMON_BLOCKS = YES;
				GCC_WARN_64_TO_32_BIT_CONVERSION = YES;
				GCC_WARN_ABOUT_RETURN_TYPE = YES_ERROR;
				GCC_WARN_UNDECLARED_SELECTOR = YES;
				GCC_WARN_UNINITIALIZED_AUTOS = YES_AGGRESSIVE;
				GCC_WARN_UNUSED_FUNCTION = YES;
				GCC_WARN_UNUSED_VARIABLE = YES;
				IPHONEOS_DEPLOYMENT_TARGET = 13.2;
				MTL_ENABLE_DEBUG_INFO = NO;
				MTL_FAST_MATH = YES;
				SDKROOT = iphoneos;
				SWIFT_COMPILATION_MODE = wholemodule;
				SWIFT_OPTIMIZATION_LEVEL = "-O";
				VALIDATE_PRODUCT = YES;
			};
			name = Release;
		};
		13162A022389D9F60069D970 /* Debug */ = {
			isa = XCBuildConfiguration;
			buildSettings = {
				ASSETCATALOG_COMPILER_APPICON_NAME = AppIcon;
				CODE_SIGN_STYLE = Automatic;
				DEVELOPMENT_TEAM = 5H83TMV82H;
				INFOPLIST_FILE = UIScrollViewWithUIPageControl/Info.plist;
				LD_RUNPATH_SEARCH_PATHS = (
					"$(inherited)",
					"@executable_path/Frameworks",
				);
				PRODUCT_BUNDLE_IDENTIFIER = com.snaap.whatever.UIScrollViewWithUIPageControl;
				PRODUCT_NAME = "$(TARGET_NAME)";
				SWIFT_VERSION = 5.0;
				TARGETED_DEVICE_FAMILY = "1,2";
			};
			name = Debug;
		};
		13162A032389D9F60069D970 /* Release */ = {
			isa = XCBuildConfiguration;
			buildSettings = {
				ASSETCATALOG_COMPILER_APPICON_NAME = AppIcon;
				CODE_SIGN_STYLE = Automatic;
				DEVELOPMENT_TEAM = 5H83TMV82H;
				INFOPLIST_FILE = UIScrollViewWithUIPageControl/Info.plist;
				LD_RUNPATH_SEARCH_PATHS = (
					"$(inherited)",
					"@executable_path/Frameworks",
				);
				PRODUCT_BUNDLE_IDENTIFIER = com.snaap.whatever.UIScrollViewWithUIPageControl;
				PRODUCT_NAME = "$(TARGET_NAME)";
				SWIFT_VERSION = 5.0;
				TARGETED_DEVICE_FAMILY = "1,2";
			};
			name = Release;
		};
/* End XCBuildConfiguration section */

/* Begin XCConfigurationList section */
		131629E82389D9F60069D970 /* Build configuration list for PBXProject "UIScrollViewWithUIPageControl" */ = {
			isa = XCConfigurationList;
			buildConfigurations = (
				131629FF2389D9F60069D970 /* Debug */,
				13162A002389D9F60069D970 /* Release */,
			);
			defaultConfigurationIsVisible = 0;
			defaultConfigurationName = Release;
		};
		13162A012389D9F60069D970 /* Build configuration list for PBXNativeTarget "UIScrollViewWithUIPageControl" */ = {
			isa = XCConfigurationList;
			buildConfigurations = (
				13162A022389D9F60069D970 /* Debug */,
				13162A032389D9F60069D970 /* Release */,
			);
			defaultConfigurationIsVisible = 0;
			defaultConfigurationName = Release;
		};
/* End XCConfigurationList section */
	};
	rootObject = 131629E52389D9F60069D970 /* Project object */;
}
